
Microsoft Visual Studio Solution File, Format Version 12.00
# Visual Studio 15
VisualStudioVersion = 15.0.27130.2010
MinimumVisualStudioVersion = 10.0.40219.1
Project("{2150E333-8FDC-42A3-9474-1A3956D46DE8}") = ".paket", ".paket", "{A1A96555-15B1-4A0C-ADC1-059CEAA3F788}"
	ProjectSection(SolutionItems) = preProject
		.editorconfig = .editorconfig
		appveyor.yml = appveyor.yml
		paket.dependencies = paket.dependencies
		paket.lock = paket.lock
		.paket\paket.targets = .paket\paket.targets
		.paket\Readme.paket.md = .paket\Readme.paket.md
	EndProjectSection
EndProject
Project("{2150E333-8FDC-42A3-9474-1A3956D46DE8}") = "docs", "docs", "{BAD2A4EE-6739-4830-BC74-2F8CF785A572}"
	ProjectSection(SolutionItems) = preProject
		README.md = README.md
		.paket\Readme.paket.md = .paket\Readme.paket.md
		RELEASE_NOTES.md = RELEASE_NOTES.md
		documentation\WPF0001.md = documentation\WPF0001.md
		documentation\WPF0002.md = documentation\WPF0002.md
		documentation\WPF0003.md = documentation\WPF0003.md
		documentation\WPF0004.md = documentation\WPF0004.md
		documentation\WPF0005.md = documentation\WPF0005.md
		documentation\WPF0006.md = documentation\WPF0006.md
		documentation\WPF0007.md = documentation\WPF0007.md
		documentation\WPF0010.md = documentation\WPF0010.md
		documentation\WPF0011.md = documentation\WPF0011.md
		documentation\WPF0012.md = documentation\WPF0012.md
		documentation\WPF0013.md = documentation\WPF0013.md
		documentation\WPF0014.md = documentation\WPF0014.md
		documentation\WPF0015.md = documentation\WPF0015.md
		documentation\WPF0016.md = documentation\WPF0016.md
		documentation\WPF0017.md = documentation\WPF0017.md
		documentation\WPF0018.md = documentation\WPF0018.md
		documentation\WPF0019.md = documentation\WPF0019.md
		documentation\WPF0020.md = documentation\WPF0020.md
		documentation\WPF0021.md = documentation\WPF0021.md
		documentation\WPF0022.md = documentation\WPF0022.md
		documentation\WPF0023.md = documentation\WPF0023.md
		documentation\WPF0030.md = documentation\WPF0030.md
		documentation\WPF0031.md = documentation\WPF0031.md
		documentation\WPF0032.md = documentation\WPF0032.md
		documentation\WPF0033.md = documentation\WPF0033.md
		documentation\WPF0034.md = documentation\WPF0034.md
		documentation\WPF0035.md = documentation\WPF0035.md
		documentation\WPF0036.md = documentation\WPF0036.md
		documentation\WPF0040.md = documentation\WPF0040.md
		documentation\WPF0041.md = documentation\WPF0041.md
		documentation\WPF0042.md = documentation\WPF0042.md
		documentation\WPF0043.md = documentation\WPF0043.md
		documentation\WPF0050.md = documentation\WPF0050.md
		documentation\WPF0051.md = documentation\WPF0051.md
		documentation\WPF0052.md = documentation\WPF0052.md
		documentation\WPF0060.md = documentation\WPF0060.md
		documentation\WPF0061.md = documentation\WPF0061.md
		documentation\WPF0062.md = documentation\WPF0062.md
		documentation\WPF0070.md = documentation\WPF0070.md
		documentation\WPF0071.md = documentation\WPF0071.md
		documentation\WPF0072.md = documentation\WPF0072.md
		documentation\WPF0073.md = documentation\WPF0073.md
		documentation\WPF0074.md = documentation\WPF0074.md
		documentation\WPF0080.md = documentation\WPF0080.md
		documentation\WPF0081.md = documentation\WPF0081.md
		documentation\WPF0082.md = documentation\WPF0082.md
		documentation\WPF0083.md = documentation\WPF0083.md
		documentation\WPF0084.md = documentation\WPF0084.md
		documentation\WPF0085.md = documentation\WPF0085.md
		documentation\WPF0090.md = documentation\WPF0090.md
		documentation\WPF0091.md = documentation\WPF0091.md
		documentation\WPF0100.md = documentation\WPF0100.md
		documentation\WPF0101.md = documentation\WPF0101.md
		documentation\WPF0102.md = documentation\WPF0102.md
		documentation\WPF0103.md = documentation\WPF0103.md
		documentation\WPF0104.md = documentation\WPF0104.md
		documentation\WPF0105.md = documentation\WPF0105.md
		documentation\WPF0106.md = documentation\WPF0106.md
		documentation\WPF0107.md = documentation\WPF0107.md
		documentation\WPF0120.md = documentation\WPF0120.md
		documentation\WPF0121.md = documentation\WPF0121.md
		documentation\WPF0122.md = documentation\WPF0122.md
		documentation\WPF0123.md = documentation\WPF0123.md
		documentation\WPF0130.md = documentation\WPF0130.md
		documentation\WPF0131.md = documentation\WPF0131.md
		documentation\WPF0132.md = documentation\WPF0132.md
		documentation\WPF0140.md = documentation\WPF0140.md
		documentation\WPF0141.md = documentation\WPF0141.md
	EndProjectSection
EndProject
Project("{2150E333-8FDC-42A3-9474-1A3956D46DE8}") = "tools", "tools", "{AB970A83-4723-44EA-95EC-D591AF6EC75D}"
	ProjectSection(SolutionItems) = preProject
		.paket\tools\install.ps1 = .paket\tools\install.ps1
		.paket\tools\uninstall.ps1 = .paket\tools\uninstall.ps1
	EndProjectSection
EndProject
Project("{9A19103F-16F7-4668-BE54-9A1E7A4F7556}") = "WpfAnalyzers.Test", "WpfAnalyzers.Test\WpfAnalyzers.Test.csproj", "{3EB54B68-A7AA-45E8-A97B-A0746712140B}"
EndProject
Project("{9A19103F-16F7-4668-BE54-9A1E7A4F7556}") = "WpfAnalyzers.Vsix", "WpfAnalyzers.Vsix\WpfAnalyzers.Vsix.csproj", "{A123CB85-BD7F-4C50-8D15-2B3F336D7A8A}"
EndProject
Project("{9A19103F-16F7-4668-BE54-9A1E7A4F7556}") = "WpfAnalyzers.Benchmarks", "WpfAnalyzers.Benchmarks\WpfAnalyzers.Benchmarks.csproj", "{647A2616-4524-469D-B7D6-56151513BC6F}"
EndProject
Project("{9A19103F-16F7-4668-BE54-9A1E7A4F7556}") = "WpfAnalyzers", "WpfAnalyzers\WpfAnalyzers.csproj", "{27A6CC19-422F-4986-BA0C-8F967EF37DF7}"
EndProject
Project("{FAE04EC0-301F-11D3-BF4B-00C04F79EFBC}") = "ValidCode", "ValidCode\ValidCode.csproj", "{1CF75F47-2C7D-49B2-B9F5-89C700271896}"
EndProject
Global
	GlobalSection(SolutionConfigurationPlatforms) = preSolution
		Debug|Any CPU = Debug|Any CPU
		Release|Any CPU = Release|Any CPU
	EndGlobalSection
	GlobalSection(ProjectConfigurationPlatforms) = postSolution
		{3EB54B68-A7AA-45E8-A97B-A0746712140B}.Debug|Any CPU.ActiveCfg = Debug|Any CPU
		{3EB54B68-A7AA-45E8-A97B-A0746712140B}.Debug|Any CPU.Build.0 = Debug|Any CPU
		{3EB54B68-A7AA-45E8-A97B-A0746712140B}.Release|Any CPU.ActiveCfg = Release|Any CPU
		{3EB54B68-A7AA-45E8-A97B-A0746712140B}.Release|Any CPU.Build.0 = Release|Any CPU
		{A123CB85-BD7F-4C50-8D15-2B3F336D7A8A}.Debug|Any CPU.ActiveCfg = Debug|Any CPU
		{A123CB85-BD7F-4C50-8D15-2B3F336D7A8A}.Debug|Any CPU.Build.0 = Debug|Any CPU
		{A123CB85-BD7F-4C50-8D15-2B3F336D7A8A}.Release|Any CPU.ActiveCfg = Release|Any CPU
		{A123CB85-BD7F-4C50-8D15-2B3F336D7A8A}.Release|Any CPU.Build.0 = Release|Any CPU
		{647A2616-4524-469D-B7D6-56151513BC6F}.Debug|Any CPU.ActiveCfg = Debug|Any CPU
		{647A2616-4524-469D-B7D6-56151513BC6F}.Debug|Any CPU.Build.0 = Debug|Any CPU
		{647A2616-4524-469D-B7D6-56151513BC6F}.Release|Any CPU.ActiveCfg = Release|Any CPU
		{647A2616-4524-469D-B7D6-56151513BC6F}.Release|Any CPU.Build.0 = Release|Any CPU
		{27A6CC19-422F-4986-BA0C-8F967EF37DF7}.Debug|Any CPU.ActiveCfg = Debug|Any CPU
		{27A6CC19-422F-4986-BA0C-8F967EF37DF7}.Debug|Any CPU.Build.0 = Debug|Any CPU
		{27A6CC19-422F-4986-BA0C-8F967EF37DF7}.Release|Any CPU.ActiveCfg = Release|Any CPU
		{27A6CC19-422F-4986-BA0C-8F967EF37DF7}.Release|Any CPU.Build.0 = Release|Any CPU
		{1CF75F47-2C7D-49B2-B9F5-89C700271896}.Debug|Any CPU.ActiveCfg = Debug|Any CPU
		{1CF75F47-2C7D-49B2-B9F5-89C700271896}.Debug|Any CPU.Build.0 = Debug|Any CPU
		{1CF75F47-2C7D-49B2-B9F5-89C700271896}.Release|Any CPU.ActiveCfg = Release|Any CPU
		{1CF75F47-2C7D-49B2-B9F5-89C700271896}.Release|Any CPU.Build.0 = Release|Any CPU
	EndGlobalSection
	GlobalSection(SolutionProperties) = preSolution
		HideSolutionNode = FALSE
	EndGlobalSection
	GlobalSection(NestedProjects) = preSolution
		{AB970A83-4723-44EA-95EC-D591AF6EC75D} = {A1A96555-15B1-4A0C-ADC1-059CEAA3F788}
	EndGlobalSection
	GlobalSection(ExtensibilityGlobals) = postSolution
		SolutionGuid = {B745FC73-0642-441C-8DEE-F8CDAB85A8E2}
	EndGlobalSection
EndGlobal
