
Microsoft Visual Studio Solution File, Format Version 12.00
# Visual Studio 14
VisualStudioVersion = 14.0.25420.1
MinimumVisualStudioVersion = 10.0.40219.1
Project("{FAE04EC0-301F-11D3-BF4B-00C04F79EFBC}") = "WpfAnalyzers.Demo", "WpfAnalyzers.Demo\WpfAnalyzers.Demo.csproj", "{8525745A-7DE7-431E-88FF-DAA4B2A4D830}"
EndProject
Project("{2150E333-8FDC-42A3-9474-1A3956D46DE8}") = ".paket", ".paket", "{29A90596-AD75-4E39-9CDE-3B56C3E88021}"
	ProjectSection(SolutionItems) = preProject
		paket.dependencies = paket.dependencies
		paket.lock = paket.lock
		.paket\paket.targets = .paket\paket.targets
		.paket\Readme.paket.md = .paket\Readme.paket.md
	EndProjectSection
EndProject
Global
	GlobalSection(SolutionConfigurationPlatforms) = preSolution
		Debug|Any CPU = Debug|Any CPU
		Release|Any CPU = Release|Any CPU
	EndGlobalSection
	GlobalSection(ProjectConfigurationPlatforms) = postSolution
		{8525745A-7DE7-431E-88FF-DAA4B2A4D830}.Debug|Any CPU.ActiveCfg = Debug|Any CPU
		{8525745A-7DE7-431E-88FF-DAA4B2A4D830}.Debug|Any CPU.Build.0 = Debug|Any CPU
		{8525745A-7DE7-431E-88FF-DAA4B2A4D830}.Release|Any CPU.ActiveCfg = Release|Any CPU
		{8525745A-7DE7-431E-88FF-DAA4B2A4D830}.Release|Any CPU.Build.0 = Release|Any CPU
	EndGlobalSection
	GlobalSection(SolutionProperties) = preSolution
		HideSolutionNode = FALSE
	EndGlobalSection
EndGlobal
